
Microsoft Visual Studio Solution File, Format Version 12.00
# Visual Studio Version 17
VisualStudioVersion = 17.1.32210.238
MinimumVisualStudioVersion = 10.0.40219.1
Project("{FAE04EC0-301F-11D3-BF4B-00C04F79EFBC}") = "HelloWorld", "HelloWorld.csproj", "{6FD930E8-AC2E-4F6A-B713-0855C16C2D4F}"
EndProject
Global
	GlobalSection(SolutionConfigurationPlatforms) = preSolution
		Debug|Any CPU = Debug|Any CPU
		Release|Any CPU = Release|Any CPU
	EndGlobalSection
	GlobalSection(ProjectConfigurationPlatforms) = postSolution
		{6FD930E8-AC2E-4F6A-B713-0855C16C2D4F}.Debug|Any CPU.ActiveCfg = Debug|Any CPU
		{6FD930E8-AC2E-4F6A-B713-0855C16C2D4F}.Debug|Any CPU.Build.0 = Debug|Any CPU
		{6FD930E8-AC2E-4F6A-B713-0855C16C2D4F}.Release|Any CPU.ActiveCfg = Release|Any CPU
		{6FD930E8-AC2E-4F6A-B713-0855C16C2D4F}.Release|Any CPU.Build.0 = Release|Any CPU
	EndGlobalSection
	GlobalSection(SolutionProperties) = preSolution
		HideSolutionNode = FALSE
	EndGlobalSection
	GlobalSection(ExtensibilityGlobals) = postSolution
		SolutionGuid = {A1D8D138-14AD-4F46-98CE-8CA5E13CDA50}
	EndGlobalSection
EndGlobal
